
Microsoft Visual Studio Solution File, Format Version 12.00
# Visual Studio Version 17
VisualStudioVersion = 17.1.32319.34
MinimumVisualStudioVersion = 10.0.40219.1
Project("{9A19103F-16F7-4668-BE54-9A1E7A4F7556}") = "RadioTracklistsOnSpotify", "src\RadioTracklistsOnSpotify\RadioTracklistsOnSpotify.csproj", "{69C956BD-6350-495C-9A2A-04C167E7EBB7}"
EndProject
Project("{2150E333-8FDC-42A3-9474-1A3956D46DE8}") = "src", "src", "{C4582FF4-F345-4769-BA9D-99EB64D581E0}"
EndProject
Project("{2150E333-8FDC-42A3-9474-1A3956D46DE8}") = "tests", "tests", "{5CDAFC4D-BD52-49C1-A481-B9FABEA01FD5}"
EndProject
Project("{9A19103F-16F7-4668-BE54-9A1E7A4F7556}") = "RadioTracklistsOnSpotify.IntegationTests", "tests\integrationTests\RadioTracklistsOnSpotify.IntegrationTests\RadioTracklistsOnSpotify.IntegationTests.csproj", "{B14BDEB8-358D-407E-8734-4BB2CC1832C2}"
EndProject
Project("{9A19103F-16F7-4668-BE54-9A1E7A4F7556}") = "GrabHTMLContnetFromWeb", "tools\GrabHTMLContnetFromWeb\GrabHTMLContnetFromWeb.csproj", "{3759E171-CC40-40C2-AFC2-A5D4F0C24EC5}"
EndProject
Project("{2150E333-8FDC-42A3-9474-1A3956D46DE8}") = "tools", "tools", "{8B54B33E-5527-4B50-9A02-021950C313D8}"
EndProject
Global
	GlobalSection(SolutionConfigurationPlatforms) = preSolution
		Debug|Any CPU = Debug|Any CPU
		Release|Any CPU = Release|Any CPU
	EndGlobalSection
	GlobalSection(ProjectConfigurationPlatforms) = postSolution
		{69C956BD-6350-495C-9A2A-04C167E7EBB7}.Debug|Any CPU.ActiveCfg = Debug|Any CPU
		{69C956BD-6350-495C-9A2A-04C167E7EBB7}.Debug|Any CPU.Build.0 = Debug|Any CPU
		{69C956BD-6350-495C-9A2A-04C167E7EBB7}.Release|Any CPU.ActiveCfg = Release|Any CPU
		{69C956BD-6350-495C-9A2A-04C167E7EBB7}.Release|Any CPU.Build.0 = Release|Any CPU
		{B14BDEB8-358D-407E-8734-4BB2CC1832C2}.Debug|Any CPU.ActiveCfg = Debug|Any CPU
		{B14BDEB8-358D-407E-8734-4BB2CC1832C2}.Debug|Any CPU.Build.0 = Debug|Any CPU
		{B14BDEB8-358D-407E-8734-4BB2CC1832C2}.Release|Any CPU.ActiveCfg = Release|Any CPU
		{B14BDEB8-358D-407E-8734-4BB2CC1832C2}.Release|Any CPU.Build.0 = Release|Any CPU
		{3759E171-CC40-40C2-AFC2-A5D4F0C24EC5}.Debug|Any CPU.ActiveCfg = Debug|Any CPU
		{3759E171-CC40-40C2-AFC2-A5D4F0C24EC5}.Debug|Any CPU.Build.0 = Debug|Any CPU
		{3759E171-CC40-40C2-AFC2-A5D4F0C24EC5}.Release|Any CPU.ActiveCfg = Release|Any CPU
		{3759E171-CC40-40C2-AFC2-A5D4F0C24EC5}.Release|Any CPU.Build.0 = Release|Any CPU
	EndGlobalSection
	GlobalSection(SolutionProperties) = preSolution
		HideSolutionNode = FALSE
	EndGlobalSection
	GlobalSection(NestedProjects) = preSolution
		{69C956BD-6350-495C-9A2A-04C167E7EBB7} = {C4582FF4-F345-4769-BA9D-99EB64D581E0}
		{B14BDEB8-358D-407E-8734-4BB2CC1832C2} = {5CDAFC4D-BD52-49C1-A481-B9FABEA01FD5}
		{3759E171-CC40-40C2-AFC2-A5D4F0C24EC5} = {8B54B33E-5527-4B50-9A02-021950C313D8}
	EndGlobalSection
	GlobalSection(ExtensibilityGlobals) = postSolution
		SolutionGuid = {4C867C5E-2C46-4901-94F1-5C4833CDD5FA}
	EndGlobalSection
EndGlobal
